
Microsoft Visual Studio Solution File, Format Version 12.00
# Visual Studio Version 16
VisualStudioVersion = 16.0.29509.3
MinimumVisualStudioVersion = 10.0.40219.1
Project("{FAE04EC0-301F-11D3-BF4B-00C04F79EFBC}") = "Nullstellen_WPF_T22", "Nullstellen_WPF_T22\Nullstellen_WPF_T22.csproj", "{B69B8FA2-306B-464C-A83E-96269513CE87}"
EndProject
Global
	GlobalSection(SolutionConfigurationPlatforms) = preSolution
		Debug|Any CPU = Debug|Any CPU
		Release|Any CPU = Release|Any CPU
	EndGlobalSection
	GlobalSection(ProjectConfigurationPlatforms) = postSolution
		{B69B8FA2-306B-464C-A83E-96269513CE87}.Debug|Any CPU.ActiveCfg = Debug|Any CPU
		{B69B8FA2-306B-464C-A83E-96269513CE87}.Debug|Any CPU.Build.0 = Debug|Any CPU
		{B69B8FA2-306B-464C-A83E-96269513CE87}.Release|Any CPU.ActiveCfg = Release|Any CPU
		{B69B8FA2-306B-464C-A83E-96269513CE87}.Release|Any CPU.Build.0 = Release|Any CPU
	EndGlobalSection
	GlobalSection(SolutionProperties) = preSolution
		HideSolutionNode = FALSE
	EndGlobalSection
	GlobalSection(ExtensibilityGlobals) = postSolution
		SolutionGuid = {53FE44DE-B75C-405D-ABEB-350DC7C936A7}
	EndGlobalSection
EndGlobal
